
Microsoft Visual Studio Solution File, Format Version 12.00
# Visual Studio Version 17
VisualStudioVersion = 17.0.31903.59
MinimumVisualStudioVersion = 10.0.40219.1
Project("{FAE04EC0-301F-11D3-BF4B-00C04F79EFBC}") = "L0gg3r.LogSinks.Console.Base", "src\L0gg3r.LogSinks.Console.Base.csproj", "{067A1C7F-3B84-4601-8784-EA0CC30E786B}"
EndProject
Project("{2150E333-8FDC-42A3-9474-1A3956D46DE8}") = "tests", "tests", "{CC2D8429-FDF3-4958-BFF5-8BB291A1DF90}"
EndProject
Project("{2150E333-8FDC-42A3-9474-1A3956D46DE8}") = "ConsoleLogSinkBaseTests", "ConsoleLogSinkBaseTests", "{1F939022-DBE8-45BA-A3F7-07FE814C3272}"
EndProject
Project("{FAE04EC0-301F-11D3-BF4B-00C04F79EFBC}") = "ConsoleLogSinkBaseTests", "tests\ConsoleLogSinkBaseTests\src\ConsoleLogSinkBaseTests.csproj", "{428248FE-FB49-44EC-953F-890B25CF41DF}"
EndProject
Project("{2150E333-8FDC-42A3-9474-1A3956D46DE8}") = "benchmarks", "benchmarks", "{DD82FC3A-0829-4061-B62E-21DC275FF544}"
EndProject
Project("{2150E333-8FDC-42A3-9474-1A3956D46DE8}") = "ConsoleLogSinkBenchmarks", "ConsoleLogSinkBenchmarks", "{6EC559B4-2417-4B6F-BAAC-6DB2EC2A78F4}"
EndProject
Project("{FAE04EC0-301F-11D3-BF4B-00C04F79EFBC}") = "ConsoleLogSinkBenchmarks", "benchmarks\ConsoleLogSinkBenchmarks\src\ConsoleLogSinkBenchmarks.csproj", "{4E83DE6D-72EB-4879-B361-B61CE0A92C8E}"
EndProject
Global
	GlobalSection(SolutionConfigurationPlatforms) = preSolution
		Debug|Any CPU = Debug|Any CPU
		Release|Any CPU = Release|Any CPU
	EndGlobalSection
	GlobalSection(ProjectConfigurationPlatforms) = postSolution
		{067A1C7F-3B84-4601-8784-EA0CC30E786B}.Debug|Any CPU.ActiveCfg = Debug|Any CPU
		{067A1C7F-3B84-4601-8784-EA0CC30E786B}.Debug|Any CPU.Build.0 = Debug|Any CPU
		{067A1C7F-3B84-4601-8784-EA0CC30E786B}.Release|Any CPU.ActiveCfg = Release|Any CPU
		{067A1C7F-3B84-4601-8784-EA0CC30E786B}.Release|Any CPU.Build.0 = Release|Any CPU
		{428248FE-FB49-44EC-953F-890B25CF41DF}.Debug|Any CPU.ActiveCfg = Debug|Any CPU
		{428248FE-FB49-44EC-953F-890B25CF41DF}.Debug|Any CPU.Build.0 = Debug|Any CPU
		{428248FE-FB49-44EC-953F-890B25CF41DF}.Release|Any CPU.ActiveCfg = Release|Any CPU
		{428248FE-FB49-44EC-953F-890B25CF41DF}.Release|Any CPU.Build.0 = Release|Any CPU
		{4E83DE6D-72EB-4879-B361-B61CE0A92C8E}.Debug|Any CPU.ActiveCfg = Debug|Any CPU
		{4E83DE6D-72EB-4879-B361-B61CE0A92C8E}.Debug|Any CPU.Build.0 = Debug|Any CPU
		{4E83DE6D-72EB-4879-B361-B61CE0A92C8E}.Release|Any CPU.ActiveCfg = Release|Any CPU
		{4E83DE6D-72EB-4879-B361-B61CE0A92C8E}.Release|Any CPU.Build.0 = Release|Any CPU
	EndGlobalSection
	GlobalSection(SolutionProperties) = preSolution
		HideSolutionNode = FALSE
	EndGlobalSection
	GlobalSection(NestedProjects) = preSolution
		{1F939022-DBE8-45BA-A3F7-07FE814C3272} = {CC2D8429-FDF3-4958-BFF5-8BB291A1DF90}
		{428248FE-FB49-44EC-953F-890B25CF41DF} = {1F939022-DBE8-45BA-A3F7-07FE814C3272}
		{6EC559B4-2417-4B6F-BAAC-6DB2EC2A78F4} = {DD82FC3A-0829-4061-B62E-21DC275FF544}
		{4E83DE6D-72EB-4879-B361-B61CE0A92C8E} = {6EC559B4-2417-4B6F-BAAC-6DB2EC2A78F4}
	EndGlobalSection
EndGlobal
