{
  "version": 1,
  "dependencies": {
    "net8.0": {
      "L0gg3r.Base": {
        "type": "Direct",
        "requested": "[1.*-*, 2.0.0)",
        "resolved": "1.0.0-preview.6",
        "contentHash": "YqhhOgCtJhJX2byAGGNzwYCk6g87GQTCmDCl5Sm2R/JCPc0PFvb6N0jY+M3BwcVaXA/eGuoGUR1tIFCzOBcgSw=="
      },
      "L0gg3r.CodeAnalyzer": {
        "type": "Direct",
        "requested": "[1.*-*, 2.0.0)",
        "resolved": "1.0.0-preview.2",
        "contentHash": "sieb6Ug+WYRoZjfV9MxwtPp5PwuSmmT3pHXuriR6pP9CTkNLYVa2aQK2qCt1b4HzdZPDIm8u4xJ3e1O9GYDRqg==",
        "dependencies": {
          "StyleCop.Analyzers": "1.2.0-beta.556"
        }
      },
      "L0gg3r.LogSinks.Base": {
        "type": "Direct",
        "requested": "[1.*-*, 2.0.0)",
        "resolved": "1.0.0",
        "contentHash": "qD6eUl1RyAfeaprR1NyLFlE7QgflvLldmxEluC/S9Gk6N0t8dpsBu++EX6tj7ZaGKQMtYm815Vyu994/8NpDKw==",
        "dependencies": {
          "L0gg3r.Base": "[1.0.0-preview.11, 2.0.0)"
        }
      },
      "Microsoft.CodeAnalysis.PublicApiAnalyzers": {
        "type": "Direct",
        "requested": "[3.3.4, )",
        "resolved": "3.3.4",
        "contentHash": "kNLTfXtXUWDHVt5iaPkkiPuyHYlMgLI6SOFT4w88bfeI2vqSeGgHunFkdvlaCM8RDfcY0t2+jnesQtidRJJ/DA=="
      },
      "StyleCop.Analyzers": {
        "type": "Transitive",
        "resolved": "1.2.0-beta.556",
        "contentHash": "llRPgmA1fhC0I0QyFLEcjvtM2239QzKr/tcnbsjArLMJxJlu0AA5G7Fft0OI30pHF3MW63Gf4aSSsjc5m82J1Q==",
        "dependencies": {
          "StyleCop.Analyzers.Unstable": "1.2.0.556"
        }
      },
      "StyleCop.Analyzers.Unstable": {
        "type": "Transitive",
        "resolved": "1.2.0.556",
        "contentHash": "zvn9Mqs/ox/83cpYPignI8hJEM2A93s2HkHs8HYMOAQW0PkampyoErAiIyKxgTLqbbad29HX/shv/6LGSjPJNQ=="
      }
    }
  }
}